{
  "name": "datepicker",
  "version": "0.0.1",
  "lockfileVersion": 1,
  "requires": true,
  "dependencies": {
    "material-icons": {
      "version": "0.3.0",
      "resolved": "https://registry.npmjs.org/material-icons/-/material-icons-0.3.0.tgz",
      "integrity": "sha512-nqKE2/yoiTJzoJ8Lw5SzJCDrNkA3hnJ8v70MkCwuA8C1Cayi31Azee1sloLyBAjOUtbctAC66p7Hh8Zow+rMrg=="
    }
  }
}
